// !$*UTF8*$!
{
	archiveVersion = 1;
	classes = {
	};
	objectVersion = 51;
	objects = {

/* Begin PBXBuildFile section */
		02D619C32685AE8F00FBB5C8 /* AppDelegate.swift in Sources */ = {isa = PBXBuildFile; fileRef = 02D619C22685AE8F00FBB5C8 /* AppDelegate.swift */; };
		02D619C52685AE8F00FBB5C8 /* SceneDelegate.swift in Sources */ = {isa = PBXBuildFile; fileRef = 02D619C42685AE8F00FBB5C8 /* SceneDelegate.swift */; };
		02D619C72685AE8F00FBB5C8 /* PhotoViewController.swift in Sources */ = {isa = PBXBuildFile; fileRef = 02D619C62685AE8F00FBB5C8 /* PhotoViewController.swift */; };
		02D619CA2685AE8F00FBB5C8 /* Main.storyboard in Resources */ = {isa = PBXBuildFile; fileRef = 02D619C82685AE8F00FBB5C8 /* Main.storyboard */; };
		02D619CC2685AE9100FBB5C8 /* Assets.xcassets in Resources */ = {isa = PBXBuildFile; fileRef = 02D619CB2685AE9100FBB5C8 /* Assets.xcassets */; };
		02D619CF2685AE9100FBB5C8 /* LaunchScreen.storyboard in Resources */ = {isa = PBXBuildFile; fileRef = 02D619CD2685AE9100FBB5C8 /* LaunchScreen.storyboard */; };
		02D619DA2685AE9100FBB5C8 /* VendPracticeTests.swift in Sources */ = {isa = PBXBuildFile; fileRef = 02D619D92685AE9100FBB5C8 /* VendPracticeTests.swift */; };
		02D619E52685AE9200FBB5C8 /* VendPracticeUITests.swift in Sources */ = {isa = PBXBuildFile; fileRef = 02D619E42685AE9200FBB5C8 /* VendPracticeUITests.swift */; };
		02D619F72685B07F00FBB5C8 /* Localizable.strings in Resources */ = {isa = PBXBuildFile; fileRef = 02D619F62685B07F00FBB5C8 /* Localizable.strings */; };
		02D619FA2685B18100FBB5C8 /* PhotoApi.swift in Sources */ = {isa = PBXBuildFile; fileRef = 02D619F92685B18100FBB5C8 /* PhotoApi.swift */; };
		02D619FC2685B67500FBB5C8 /* URLRequestExtensions.swift in Sources */ = {isa = PBXBuildFile; fileRef = 02D619FB2685B67500FBB5C8 /* URLRequestExtensions.swift */; };
		02D619FE2685B9B600FBB5C8 /* PhotoWebService.swift in Sources */ = {isa = PBXBuildFile; fileRef = 02D619FD2685B9B600FBB5C8 /* PhotoWebService.swift */; };
		02D61A012685B9ED00FBB5C8 /* PhotoDto.swift in Sources */ = {isa = PBXBuildFile; fileRef = 02D61A002685B9ED00FBB5C8 /* PhotoDto.swift */; };
		02D61A052685BCD500FBB5C8 /* PhotoRepositoryProtocol.swift in Sources */ = {isa = PBXBuildFile; fileRef = 02D61A042685BCD500FBB5C8 /* PhotoRepositoryProtocol.swift */; };
		02D61A072685BD1300FBB5C8 /* Photo.swift in Sources */ = {isa = PBXBuildFile; fileRef = 02D61A062685BD1300FBB5C8 /* Photo.swift */; };
		02D61A092685BE1700FBB5C8 /* PhotoMemoryStorage.swift in Sources */ = {isa = PBXBuildFile; fileRef = 02D61A082685BE1700FBB5C8 /* PhotoMemoryStorage.swift */; };
		2A0FC2F92685C87E00183121 /* LocalizableString.swift in Sources */ = {isa = PBXBuildFile; fileRef = 2A0FC2F82685C87E00183121 /* LocalizableString.swift */; };
		2A0FC2FB2685C8A900183121 /* UITableViewExtensions.swift in Sources */ = {isa = PBXBuildFile; fileRef = 2A0FC2FA2685C8A900183121 /* UITableViewExtensions.swift */; };
		2A0FC2FD2685C8DA00183121 /* Configurable.swift in Sources */ = {isa = PBXBuildFile; fileRef = 2A0FC2FC2685C8DA00183121 /* Configurable.swift */; };
		2A0FC2FF2685C8FA00183121 /* UIViewContollerExtensions.swift in Sources */ = {isa = PBXBuildFile; fileRef = 2A0FC2FE2685C8FA00183121 /* UIViewContollerExtensions.swift */; };
		2A0FC3012685CAEB00183121 /* SwinjectStoryboard.swift in Sources */ = {isa = PBXBuildFile; fileRef = 2A0FC3002685CAEB00183121 /* SwinjectStoryboard.swift */; };
		2A0FC3042685CB2500183121 /* PhotoTableCell.swift in Sources */ = {isa = PBXBuildFile; fileRef = 2A0FC3032685CB2500183121 /* PhotoTableCell.swift */; };
		2A0FC3082685CBA100183121 /* PhotoListError.swift in Sources */ = {isa = PBXBuildFile; fileRef = 2A0FC3072685CBA100183121 /* PhotoListError.swift */; };
		5548A006A3246D37B7E479B5 /* Pods_VendPracticeTests.framework in Frameworks */ = {isa = PBXBuildFile; fileRef = 3A43FEA404B364EC73961FD7 /* Pods_VendPracticeTests.framework */; };
		6F7B9144544F76975F2E3514 /* Pods_VendPractice.framework in Frameworks */ = {isa = PBXBuildFile; fileRef = 21A452B0E42FFACE27BC97C3 /* Pods_VendPractice.framework */; };
		EC127ADA5883788885EF8970 /* Pods_VendPractice_VendPracticeUITests.framework in Frameworks */ = {isa = PBXBuildFile; fileRef = A9B9D545AB2B2EDA65B1336D /* Pods_VendPractice_VendPracticeUITests.framework */; };
/* End PBXBuildFile section */

/* Begin PBXContainerItemProxy section */
		02D619D62685AE9100FBB5C8 /* PBXContainerItemProxy */ = {
			isa = PBXContainerItemProxy;
			containerPortal = 02D619B72685AE8F00FBB5C8 /* Project object */;
			proxyType = 1;
			remoteGlobalIDString = 02D619BE2685AE8F00FBB5C8;
			remoteInfo = VendPractice;
		};
		02D619E12685AE9200FBB5C8 /* PBXContainerItemProxy */ = {
			isa = PBXContainerItemProxy;
			containerPortal = 02D619B72685AE8F00FBB5C8 /* Project object */;
			proxyType = 1;
			remoteGlobalIDString = 02D619BE2685AE8F00FBB5C8;
			remoteInfo = VendPractice;
		};
/* End PBXContainerItemProxy section */

/* Begin PBXFileReference section */
		02D619BF2685AE8F00FBB5C8 /* VendPractice.app */ = {isa = PBXFileReference; explicitFileType = wrapper.application; includeInIndex = 0; path = VendPractice.app; sourceTree = BUILT_PRODUCTS_DIR; };
		02D619C22685AE8F00FBB5C8 /* AppDelegate.swift */ = {isa = PBXFileReference; lastKnownFileType = sourcecode.swift; path = AppDelegate.swift; sourceTree = "<group>"; };
		02D619C42685AE8F00FBB5C8 /* SceneDelegate.swift */ = {isa = PBXFileReference; lastKnownFileType = sourcecode.swift; path = SceneDelegate.swift; sourceTree = "<group>"; };
		02D619C62685AE8F00FBB5C8 /* PhotoViewController.swift */ = {isa = PBXFileReference; lastKnownFileType = sourcecode.swift; path = PhotoViewController.swift; sourceTree = "<group>"; };
		02D619C92685AE8F00FBB5C8 /* Base */ = {isa = PBXFileReference; lastKnownFileType = file.storyboard; name = Base; path = Base.lproj/Main.storyboard; sourceTree = "<group>"; };
		02D619CB2685AE9100FBB5C8 /* Assets.xcassets */ = {isa = PBXFileReference; lastKnownFileType = folder.assetcatalog; path = Assets.xcassets; sourceTree = "<group>"; };
		02D619CE2685AE9100FBB5C8 /* Base */ = {isa = PBXFileReference; lastKnownFileType = file.storyboard; name = Base; path = Base.lproj/LaunchScreen.storyboard; sourceTree = "<group>"; };
		02D619D02685AE9100FBB5C8 /* Info.plist */ = {isa = PBXFileReference; lastKnownFileType = text.plist.xml; path = Info.plist; sourceTree = "<group>"; };
		02D619D52685AE9100FBB5C8 /* VendPracticeTests.xctest */ = {isa = PBXFileReference; explicitFileType = wrapper.cfbundle; includeInIndex = 0; path = VendPracticeTests.xctest; sourceTree = BUILT_PRODUCTS_DIR; };
		02D619D92685AE9100FBB5C8 /* VendPracticeTests.swift */ = {isa = PBXFileReference; lastKnownFileType = sourcecode.swift; path = VendPracticeTests.swift; sourceTree = "<group>"; };
		02D619DB2685AE9100FBB5C8 /* Info.plist */ = {isa = PBXFileReference; lastKnownFileType = text.plist.xml; path = Info.plist; sourceTree = "<group>"; };
		02D619E02685AE9200FBB5C8 /* VendPracticeUITests.xctest */ = {isa = PBXFileReference; explicitFileType = wrapper.cfbundle; includeInIndex = 0; path = VendPracticeUITests.xctest; sourceTree = BUILT_PRODUCTS_DIR; };
		02D619E42685AE9200FBB5C8 /* VendPracticeUITests.swift */ = {isa = PBXFileReference; lastKnownFileType = sourcecode.swift; path = VendPracticeUITests.swift; sourceTree = "<group>"; };
		02D619E62685AE9200FBB5C8 /* Info.plist */ = {isa = PBXFileReference; lastKnownFileType = text.plist.xml; path = Info.plist; sourceTree = "<group>"; };
		02D619F62685B07F00FBB5C8 /* Localizable.strings */ = {isa = PBXFileReference; lastKnownFileType = text.plist.strings; path = Localizable.strings; sourceTree = "<group>"; };
		02D619F92685B18100FBB5C8 /* PhotoApi.swift */ = {isa = PBXFileReference; lastKnownFileType = sourcecode.swift; path = PhotoApi.swift; sourceTree = "<group>"; };
		02D619FB2685B67500FBB5C8 /* URLRequestExtensions.swift */ = {isa = PBXFileReference; lastKnownFileType = sourcecode.swift; path = URLRequestExtensions.swift; sourceTree = "<group>"; };
		02D619FD2685B9B600FBB5C8 /* PhotoWebService.swift */ = {isa = PBXFileReference; lastKnownFileType = sourcecode.swift; path = PhotoWebService.swift; sourceTree = "<group>"; };
		02D61A002685B9ED00FBB5C8 /* PhotoDto.swift */ = {isa = PBXFileReference; lastKnownFileType = sourcecode.swift; path = PhotoDto.swift; sourceTree = "<group>"; };
		02D61A042685BCD500FBB5C8 /* PhotoRepositoryProtocol.swift */ = {isa = PBXFileReference; lastKnownFileType = sourcecode.swift; path = PhotoRepositoryProtocol.swift; sourceTree = "<group>"; };
		02D61A062685BD1300FBB5C8 /* Photo.swift */ = {isa = PBXFileReference; lastKnownFileType = sourcecode.swift; path = Photo.swift; sourceTree = "<group>"; };
		02D61A082685BE1700FBB5C8 /* PhotoMemoryStorage.swift */ = {isa = PBXFileReference; lastKnownFileType = sourcecode.swift; path = PhotoMemoryStorage.swift; sourceTree = "<group>"; };
		078BACD04C18B709A0BA5230 /* Pods-VendPractice.debug.xcconfig */ = {isa = PBXFileReference; includeInIndex = 1; lastKnownFileType = text.xcconfig; name = "Pods-VendPractice.debug.xcconfig"; path = "Target Support Files/Pods-VendPractice/Pods-VendPractice.debug.xcconfig"; sourceTree = "<group>"; };
		21A452B0E42FFACE27BC97C3 /* Pods_VendPractice.framework */ = {isa = PBXFileReference; explicitFileType = wrapper.framework; includeInIndex = 0; path = Pods_VendPractice.framework; sourceTree = BUILT_PRODUCTS_DIR; };
		2A0FC2F82685C87E00183121 /* LocalizableString.swift */ = {isa = PBXFileReference; lastKnownFileType = sourcecode.swift; path = LocalizableString.swift; sourceTree = "<group>"; };
		2A0FC2FA2685C8A900183121 /* UITableViewExtensions.swift */ = {isa = PBXFileReference; lastKnownFileType = sourcecode.swift; path = UITableViewExtensions.swift; sourceTree = "<group>"; };
		2A0FC2FC2685C8DA00183121 /* Configurable.swift */ = {isa = PBXFileReference; lastKnownFileType = sourcecode.swift; path = Configurable.swift; sourceTree = "<group>"; };
		2A0FC2FE2685C8FA00183121 /* UIViewContollerExtensions.swift */ = {isa = PBXFileReference; lastKnownFileType = sourcecode.swift; path = UIViewContollerExtensions.swift; sourceTree = "<group>"; };
		2A0FC3002685CAEB00183121 /* SwinjectStoryboard.swift */ = {isa = PBXFileReference; lastKnownFileType = sourcecode.swift; path = SwinjectStoryboard.swift; sourceTree = "<group>"; };
		2A0FC3032685CB2500183121 /* PhotoTableCell.swift */ = {isa = PBXFileReference; lastKnownFileType = sourcecode.swift; path = PhotoTableCell.swift; sourceTree = "<group>"; };
		2A0FC3072685CBA100183121 /* PhotoListError.swift */ = {isa = PBXFileReference; lastKnownFileType = sourcecode.swift; path = PhotoListError.swift; sourceTree = "<group>"; };
		3A43FEA404B364EC73961FD7 /* Pods_VendPracticeTests.framework */ = {isa = PBXFileReference; explicitFileType = wrapper.framework; includeInIndex = 0; path = Pods_VendPracticeTests.framework; sourceTree = BUILT_PRODUCTS_DIR; };
		931DBDB26AC6D10667F0C28B /* Pods-VendPracticeTests.debug.xcconfig */ = {isa = PBXFileReference; includeInIndex = 1; lastKnownFileType = text.xcconfig; name = "Pods-VendPracticeTests.debug.xcconfig"; path = "Target Support Files/Pods-VendPracticeTests/Pods-VendPracticeTests.debug.xcconfig"; sourceTree = "<group>"; };
		A9B9D545AB2B2EDA65B1336D /* Pods_VendPractice_VendPracticeUITests.framework */ = {isa = PBXFileReference; explicitFileType = wrapper.framework; includeInIndex = 0; path = Pods_VendPractice_VendPracticeUITests.framework; sourceTree = BUILT_PRODUCTS_DIR; };
		B43A1F6CD3C19C29D04958DF /* Pods-VendPractice-VendPracticeUITests.release.xcconfig */ = {isa = PBXFileReference; includeInIndex = 1; lastKnownFileType = text.xcconfig; name = "Pods-VendPractice-VendPracticeUITests.release.xcconfig"; path = "Target Support Files/Pods-VendPractice-VendPracticeUITests/Pods-VendPractice-VendPracticeUITests.release.xcconfig"; sourceTree = "<group>"; };
		B63B04D13D95BA83B51452A2 /* Pods-VendPractice-VendPracticeUITests.debug.xcconfig */ = {isa = PBXFileReference; includeInIndex = 1; lastKnownFileType = text.xcconfig; name = "Pods-VendPractice-VendPracticeUITests.debug.xcconfig"; path = "Target Support Files/Pods-VendPractice-VendPracticeUITests/Pods-VendPractice-VendPracticeUITests.debug.xcconfig"; sourceTree = "<group>"; };
		EF9609D48E42591CD468390F /* Pods-VendPracticeTests.release.xcconfig */ = {isa = PBXFileReference; includeInIndex = 1; lastKnownFileType = text.xcconfig; name = "Pods-VendPracticeTests.release.xcconfig"; path = "Target Support Files/Pods-VendPracticeTests/Pods-VendPracticeTests.release.xcconfig"; sourceTree = "<group>"; };
		F03366BBC0DCFBA477E0A6B6 /* Pods-VendPractice.release.xcconfig */ = {isa = PBXFileReference; includeInIndex = 1; lastKnownFileType = text.xcconfig; name = "Pods-VendPractice.release.xcconfig"; path = "Target Support Files/Pods-VendPractice/Pods-VendPractice.release.xcconfig"; sourceTree = "<group>"; };
/* End PBXFileReference section */

/* Begin PBXFrameworksBuildPhase section */
		02D619BC2685AE8F00FBB5C8 /* Frameworks */ = {
			isa = PBXFrameworksBuildPhase;
			buildActionMask = 2147483647;
			files = (
				6F7B9144544F76975F2E3514 /* Pods_VendPractice.framework in Frameworks */,
			);
			runOnlyForDeploymentPostprocessing = 0;
		};
		02D619D22685AE9100FBB5C8 /* Frameworks */ = {
			isa = PBXFrameworksBuildPhase;
			buildActionMask = 2147483647;
			files = (
				5548A006A3246D37B7E479B5 /* Pods_VendPracticeTests.framework in Frameworks */,
			);
			runOnlyForDeploymentPostprocessing = 0;
		};
		02D619DD2685AE9200FBB5C8 /* Frameworks */ = {
			isa = PBXFrameworksBuildPhase;
			buildActionMask = 2147483647;
			files = (
				EC127ADA5883788885EF8970 /* Pods_VendPractice_VendPracticeUITests.framework in Frameworks */,
			);
			runOnlyForDeploymentPostprocessing = 0;
		};
/* End PBXFrameworksBuildPhase section */

/* Begin PBXGroup section */
		02D619B62685AE8F00FBB5C8 = {
			isa = PBXGroup;
			children = (
				02D619C12685AE8F00FBB5C8 /* VendPractice */,
				02D619D82685AE9100FBB5C8 /* VendPracticeTests */,
				02D619E32685AE9200FBB5C8 /* VendPracticeUITests */,
				02D619C02685AE8F00FBB5C8 /* Products */,
				9D3B8B277EF403E507274D7B /* Pods */,
				06ECED62CD3109265C7D32ED /* Frameworks */,
			);
			sourceTree = "<group>";
		};
		02D619C02685AE8F00FBB5C8 /* Products */ = {
			isa = PBXGroup;
			children = (
				02D619BF2685AE8F00FBB5C8 /* VendPractice.app */,
				02D619D52685AE9100FBB5C8 /* VendPracticeTests.xctest */,
				02D619E02685AE9200FBB5C8 /* VendPracticeUITests.xctest */,
			);
			name = Products;
			sourceTree = "<group>";
		};
		02D619C12685AE8F00FBB5C8 /* VendPractice */ = {
			isa = PBXGroup;
			children = (
				02D619F22685AF3000FBB5C8 /* Core */,
				02D619F32685AF3900FBB5C8 /* Features */,
				02D619F42685AF4200FBB5C8 /* Supporting Files */,
			);
			path = VendPractice;
			sourceTree = "<group>";
		};
		02D619D82685AE9100FBB5C8 /* VendPracticeTests */ = {
			isa = PBXGroup;
			children = (
				02D619D92685AE9100FBB5C8 /* VendPracticeTests.swift */,
				02D619DB2685AE9100FBB5C8 /* Info.plist */,
			);
			path = VendPracticeTests;
			sourceTree = "<group>";
		};
		02D619E32685AE9200FBB5C8 /* VendPracticeUITests */ = {
			isa = PBXGroup;
			children = (
				02D619E42685AE9200FBB5C8 /* VendPracticeUITests.swift */,
				02D619E62685AE9200FBB5C8 /* Info.plist */,
			);
			path = VendPracticeUITests;
			sourceTree = "<group>";
		};
		02D619F22685AF3000FBB5C8 /* Core */ = {
			isa = PBXGroup;
			children = (
				2A0FC2F72685C86F00183121 /* Utils */,
				02D61A032685BCAF00FBB5C8 /* Repository */,
				02D619F82685B16A00FBB5C8 /* Networking */,
				02D619C82685AE8F00FBB5C8 /* Main.storyboard */,
				02D619C42685AE8F00FBB5C8 /* SceneDelegate.swift */,
				02D619C22685AE8F00FBB5C8 /* AppDelegate.swift */,
				2A0FC3002685CAEB00183121 /* SwinjectStoryboard.swift */,
			);
			path = Core;
			sourceTree = "<group>";
		};
		02D619F32685AF3900FBB5C8 /* Features */ = {
			isa = PBXGroup;
			children = (
				02D619F52685AF7800FBB5C8 /* PhotoList */,
			);
			path = Features;
			sourceTree = "<group>";
		};
		02D619F42685AF4200FBB5C8 /* Supporting Files */ = {
			isa = PBXGroup;
			children = (
				02D619CB2685AE9100FBB5C8 /* Assets.xcassets */,
				02D619CD2685AE9100FBB5C8 /* LaunchScreen.storyboard */,
				02D619D02685AE9100FBB5C8 /* Info.plist */,
				02D619F62685B07F00FBB5C8 /* Localizable.strings */,
			);
			path = "Supporting Files";
			sourceTree = "<group>";
		};
		02D619F52685AF7800FBB5C8 /* PhotoList */ = {
			isa = PBXGroup;
			children = (
				2A0FC3022685CB1300183121 /* Views */,
				02D619C62685AE8F00FBB5C8 /* PhotoViewController.swift */,
				2A0FC3072685CBA100183121 /* PhotoListError.swift */,
			);
			path = PhotoList;
			sourceTree = "<group>";
		};
		02D619F82685B16A00FBB5C8 /* Networking */ = {
			isa = PBXGroup;
			children = (
				02D619FF2685B9E000FBB5C8 /* Dtos */,
				02D619F92685B18100FBB5C8 /* PhotoApi.swift */,
				02D619FB2685B67500FBB5C8 /* URLRequestExtensions.swift */,
				02D619FD2685B9B600FBB5C8 /* PhotoWebService.swift */,
			);
			path = Networking;
			sourceTree = "<group>";
		};
		02D619FF2685B9E000FBB5C8 /* Dtos */ = {
			isa = PBXGroup;
			children = (
				02D61A002685B9ED00FBB5C8 /* PhotoDto.swift */,
			);
			path = Dtos;
			sourceTree = "<group>";
		};
		02D61A032685BCAF00FBB5C8 /* Repository */ = {
			isa = PBXGroup;
			children = (
				02D61A042685BCD500FBB5C8 /* PhotoRepositoryProtocol.swift */,
				02D61A062685BD1300FBB5C8 /* Photo.swift */,
				02D61A082685BE1700FBB5C8 /* PhotoMemoryStorage.swift */,
			);
			path = Repository;
			sourceTree = "<group>";
		};
		06ECED62CD3109265C7D32ED /* Frameworks */ = {
			isa = PBXGroup;
			children = (
				21A452B0E42FFACE27BC97C3 /* Pods_VendPractice.framework */,
				A9B9D545AB2B2EDA65B1336D /* Pods_VendPractice_VendPracticeUITests.framework */,
				3A43FEA404B364EC73961FD7 /* Pods_VendPracticeTests.framework */,
			);
			name = Frameworks;
			sourceTree = "<group>";
		};
		2A0FC2F72685C86F00183121 /* Utils */ = {
			isa = PBXGroup;
			children = (
				2A0FC2F82685C87E00183121 /* LocalizableString.swift */,
				2A0FC2FA2685C8A900183121 /* UITableViewExtensions.swift */,
				2A0FC2FC2685C8DA00183121 /* Configurable.swift */,
				2A0FC2FE2685C8FA00183121 /* UIViewContollerExtensions.swift */,
			);
			path = Utils;
			sourceTree = "<group>";
		};
		2A0FC3022685CB1300183121 /* Views */ = {
			isa = PBXGroup;
			children = (
				2A0FC3032685CB2500183121 /* PhotoTableCell.swift */,
			);
			path = Views;
			sourceTree = "<group>";
		};
		9D3B8B277EF403E507274D7B /* Pods */ = {
			isa = PBXGroup;
			children = (
				078BACD04C18B709A0BA5230 /* Pods-VendPractice.debug.xcconfig */,
				F03366BBC0DCFBA477E0A6B6 /* Pods-VendPractice.release.xcconfig */,
				B63B04D13D95BA83B51452A2 /* Pods-VendPractice-VendPracticeUITests.debug.xcconfig */,
				B43A1F6CD3C19C29D04958DF /* Pods-VendPractice-VendPracticeUITests.release.xcconfig */,
				931DBDB26AC6D10667F0C28B /* Pods-VendPracticeTests.debug.xcconfig */,
				EF9609D48E42591CD468390F /* Pods-VendPracticeTests.release.xcconfig */,
			);
			path = Pods;
			sourceTree = "<group>";
		};
/* End PBXGroup section */

/* Begin PBXNativeTarget section */
		02D619BE2685AE8F00FBB5C8 /* VendPractice */ = {
			isa = PBXNativeTarget;
			buildConfigurationList = 02D619E92685AE9200FBB5C8 /* Build configuration list for PBXNativeTarget "VendPractice" */;
			buildPhases = (
				CC7ED87EEE2A36328CE2E89D /* [CP] Check Pods Manifest.lock */,
				02D619BB2685AE8F00FBB5C8 /* Sources */,
				02D619BC2685AE8F00FBB5C8 /* Frameworks */,
				02D619BD2685AE8F00FBB5C8 /* Resources */,
				C9664C773CC9F15238618BC2 /* [CP] Embed Pods Frameworks */,
			);
			buildRules = (
			);
			dependencies = (
			);
			name = VendPractice;
			productName = VendPractice;
			productReference = 02D619BF2685AE8F00FBB5C8 /* VendPractice.app */;
			productType = "com.apple.product-type.application";
		};
		02D619D42685AE9100FBB5C8 /* VendPracticeTests */ = {
			isa = PBXNativeTarget;
			buildConfigurationList = 02D619EC2685AE9200FBB5C8 /* Build configuration list for PBXNativeTarget "VendPracticeTests" */;
			buildPhases = (
				F87931AD2CA5B1BE80F887C6 /* [CP] Check Pods Manifest.lock */,
				02D619D12685AE9100FBB5C8 /* Sources */,
				02D619D22685AE9100FBB5C8 /* Frameworks */,
				02D619D32685AE9100FBB5C8 /* Resources */,
			);
			buildRules = (
			);
			dependencies = (
				02D619D72685AE9100FBB5C8 /* PBXTargetDependency */,
			);
			name = VendPracticeTests;
			productName = VendPracticeTests;
			productReference = 02D619D52685AE9100FBB5C8 /* VendPracticeTests.xctest */;
			productType = "com.apple.product-type.bundle.unit-test";
		};
		02D619DF2685AE9200FBB5C8 /* VendPracticeUITests */ = {
			isa = PBXNativeTarget;
			buildConfigurationList = 02D619EF2685AE9200FBB5C8 /* Build configuration list for PBXNativeTarget "VendPracticeUITests" */;
			buildPhases = (
				705535169B72E6F2D725FA5B /* [CP] Check Pods Manifest.lock */,
				02D619DC2685AE9200FBB5C8 /* Sources */,
				02D619DD2685AE9200FBB5C8 /* Frameworks */,
				02D619DE2685AE9200FBB5C8 /* Resources */,
				E4BF8123762D37A9DBC7B56D /* [CP] Embed Pods Frameworks */,
			);
			buildRules = (
			);
			dependencies = (
				02D619E22685AE9200FBB5C8 /* PBXTargetDependency */,
			);
			name = VendPracticeUITests;
			productName = VendPracticeUITests;
			productReference = 02D619E02685AE9200FBB5C8 /* VendPracticeUITests.xctest */;
			productType = "com.apple.product-type.bundle.ui-testing";
		};
/* End PBXNativeTarget section */

/* Begin PBXProject section */
		02D619B72685AE8F00FBB5C8 /* Project object */ = {
			isa = PBXProject;
			attributes = {
				LastSwiftUpdateCheck = 1250;
				LastUpgradeCheck = 1250;
				TargetAttributes = {
					02D619BE2685AE8F00FBB5C8 = {
						CreatedOnToolsVersion = 12.5;
					};
					02D619D42685AE9100FBB5C8 = {
						CreatedOnToolsVersion = 12.5;
						TestTargetID = 02D619BE2685AE8F00FBB5C8;
					};
					02D619DF2685AE9200FBB5C8 = {
						CreatedOnToolsVersion = 12.5;
						TestTargetID = 02D619BE2685AE8F00FBB5C8;
					};
				};
			};
			buildConfigurationList = 02D619BA2685AE8F00FBB5C8 /* Build configuration list for PBXProject "VendPractice" */;
			compatibilityVersion = "Xcode 9.3";
			developmentRegion = en;
			hasScannedForEncodings = 0;
			knownRegions = (
				en,
				Base,
			);
			mainGroup = 02D619B62685AE8F00FBB5C8;
			productRefGroup = 02D619C02685AE8F00FBB5C8 /* Products */;
			projectDirPath = "";
			projectRoot = "";
			targets = (
				02D619BE2685AE8F00FBB5C8 /* VendPractice */,
				02D619D42685AE9100FBB5C8 /* VendPracticeTests */,
				02D619DF2685AE9200FBB5C8 /* VendPracticeUITests */,
			);
		};
/* End PBXProject section */

/* Begin PBXResourcesBuildPhase section */
		02D619BD2685AE8F00FBB5C8 /* Resources */ = {
			isa = PBXResourcesBuildPhase;
			buildActionMask = 2147483647;
			files = (
				02D619CF2685AE9100FBB5C8 /* LaunchScreen.storyboard in Resources */,
				02D619F72685B07F00FBB5C8 /* Localizable.strings in Resources */,
				02D619CC2685AE9100FBB5C8 /* Assets.xcassets in Resources */,
				02D619CA2685AE8F00FBB5C8 /* Main.storyboard in Resources */,
			);
			runOnlyForDeploymentPostprocessing = 0;
		};
		02D619D32685AE9100FBB5C8 /* Resources */ = {
			isa = PBXResourcesBuildPhase;
			buildActionMask = 2147483647;
			files = (
			);
			runOnlyForDeploymentPostprocessing = 0;
		};
		02D619DE2685AE9200FBB5C8 /* Resources */ = {
			isa = PBXResourcesBuildPhase;
			buildActionMask = 2147483647;
			files = (
			);
			runOnlyForDeploymentPostprocessing = 0;
		};
/* End PBXResourcesBuildPhase section */

/* Begin PBXShellScriptBuildPhase section */
		705535169B72E6F2D725FA5B /* [CP] Check Pods Manifest.lock */ = {
			isa = PBXShellScriptBuildPhase;
			buildActionMask = 2147483647;
			files = (
			);
			inputFileListPaths = (
			);
			inputPaths = (
				"${PODS_PODFILE_DIR_PATH}/Podfile.lock",
				"${PODS_ROOT}/Manifest.lock",
			);
			name = "[CP] Check Pods Manifest.lock";
			outputFileListPaths = (
			);
			outputPaths = (
				"$(DERIVED_FILE_DIR)/Pods-VendPractice-VendPracticeUITests-checkManifestLockResult.txt",
			);
			runOnlyForDeploymentPostprocessing = 0;
			shellPath = /bin/sh;
			shellScript = "diff \"${PODS_PODFILE_DIR_PATH}/Podfile.lock\" \"${PODS_ROOT}/Manifest.lock\" > /dev/null\nif [ $? != 0 ] ; then\n    # print error to STDERR\n    echo \"error: The sandbox is not in sync with the Podfile.lock. Run 'pod install' or update your CocoaPods installation.\" >&2\n    exit 1\nfi\n# This output is used by Xcode 'outputs' to avoid re-running this script phase.\necho \"SUCCESS\" > \"${SCRIPT_OUTPUT_FILE_0}\"\n";
			showEnvVarsInLog = 0;
		};
		C9664C773CC9F15238618BC2 /* [CP] Embed Pods Frameworks */ = {
			isa = PBXShellScriptBuildPhase;
			buildActionMask = 2147483647;
			files = (
			);
			inputFileListPaths = (
				"${PODS_ROOT}/Target Support Files/Pods-VendPractice/Pods-VendPractice-frameworks-${CONFIGURATION}-input-files.xcfilelist",
			);
			name = "[CP] Embed Pods Frameworks";
			outputFileListPaths = (
				"${PODS_ROOT}/Target Support Files/Pods-VendPractice/Pods-VendPractice-frameworks-${CONFIGURATION}-output-files.xcfilelist",
			);
			runOnlyForDeploymentPostprocessing = 0;
			shellPath = /bin/sh;
			shellScript = "\"${PODS_ROOT}/Target Support Files/Pods-VendPractice/Pods-VendPractice-frameworks.sh\"\n";
			showEnvVarsInLog = 0;
		};
		CC7ED87EEE2A36328CE2E89D /* [CP] Check Pods Manifest.lock */ = {
			isa = PBXShellScriptBuildPhase;
			buildActionMask = 2147483647;
			files = (
			);
			inputFileListPaths = (
			);
			inputPaths = (
				"${PODS_PODFILE_DIR_PATH}/Podfile.lock",
				"${PODS_ROOT}/Manifest.lock",
			);
			name = "[CP] Check Pods Manifest.lock";
			outputFileListPaths = (
			);
			outputPaths = (
				"$(DERIVED_FILE_DIR)/Pods-VendPractice-checkManifestLockResult.txt",
			);
			runOnlyForDeploymentPostprocessing = 0;
			shellPath = /bin/sh;
			shellScript = "diff \"${PODS_PODFILE_DIR_PATH}/Podfile.lock\" \"${PODS_ROOT}/Manifest.lock\" > /dev/null\nif [ $? != 0 ] ; then\n    # print error to STDERR\n    echo \"error: The sandbox is not in sync with the Podfile.lock. Run 'pod install' or update your CocoaPods installation.\" >&2\n    exit 1\nfi\n# This output is used by Xcode 'outputs' to avoid re-running this script phase.\necho \"SUCCESS\" > \"${SCRIPT_OUTPUT_FILE_0}\"\n";
			showEnvVarsInLog = 0;
		};
		E4BF8123762D37A9DBC7B56D /* [CP] Embed Pods Frameworks */ = {
			isa = PBXShellScriptBuildPhase;
			buildActionMask = 2147483647;
			files = (
			);
			inputFileListPaths = (
				"${PODS_ROOT}/Target Support Files/Pods-VendPractice-VendPracticeUITests/Pods-VendPractice-VendPracticeUITests-frameworks-${CONFIGURATION}-input-files.xcfilelist",
			);
			name = "[CP] Embed Pods Frameworks";
			outputFileListPaths = (
				"${PODS_ROOT}/Target Support Files/Pods-VendPractice-VendPracticeUITests/Pods-VendPractice-VendPracticeUITests-frameworks-${CONFIGURATION}-output-files.xcfilelist",
			);
			runOnlyForDeploymentPostprocessing = 0;
			shellPath = /bin/sh;
			shellScript = "\"${PODS_ROOT}/Target Support Files/Pods-VendPractice-VendPracticeUITests/Pods-VendPractice-VendPracticeUITests-frameworks.sh\"\n";
			showEnvVarsInLog = 0;
		};
		F87931AD2CA5B1BE80F887C6 /* [CP] Check Pods Manifest.lock */ = {
			isa = PBXShellScriptBuildPhase;
			buildActionMask = 2147483647;
			files = (
			);
			inputFileListPaths = (
			);
			inputPaths = (
				"${PODS_PODFILE_DIR_PATH}/Podfile.lock",
				"${PODS_ROOT}/Manifest.lock",
			);
			name = "[CP] Check Pods Manifest.lock";
			outputFileListPaths = (
			);
			outputPaths = (
				"$(DERIVED_FILE_DIR)/Pods-VendPracticeTests-checkManifestLockResult.txt",
			);
			runOnlyForDeploymentPostprocessing = 0;
			shellPath = /bin/sh;
			shellScript = "diff \"${PODS_PODFILE_DIR_PATH}/Podfile.lock\" \"${PODS_ROOT}/Manifest.lock\" > /dev/null\nif [ $? != 0 ] ; then\n    # print error to STDERR\n    echo \"error: The sandbox is not in sync with the Podfile.lock. Run 'pod install' or update your CocoaPods installation.\" >&2\n    exit 1\nfi\n# This output is used by Xcode 'outputs' to avoid re-running this script phase.\necho \"SUCCESS\" > \"${SCRIPT_OUTPUT_FILE_0}\"\n";
			showEnvVarsInLog = 0;
		};
/* End PBXShellScriptBuildPhase section */

/* Begin PBXSourcesBuildPhase section */
		02D619BB2685AE8F00FBB5C8 /* Sources */ = {
			isa = PBXSourcesBuildPhase;
			buildActionMask = 2147483647;
			files = (
				02D619C72685AE8F00FBB5C8 /* PhotoViewController.swift in Sources */,
				2A0FC3042685CB2500183121 /* PhotoTableCell.swift in Sources */,
				02D61A092685BE1700FBB5C8 /* PhotoMemoryStorage.swift in Sources */,
				02D619FC2685B67500FBB5C8 /* URLRequestExtensions.swift in Sources */,
				2A0FC2FB2685C8A900183121 /* UITableViewExtensions.swift in Sources */,
				02D619FA2685B18100FBB5C8 /* PhotoApi.swift in Sources */,
				02D61A072685BD1300FBB5C8 /* Photo.swift in Sources */,
				02D619FE2685B9B600FBB5C8 /* PhotoWebService.swift in Sources */,
				02D61A052685BCD500FBB5C8 /* PhotoRepositoryProtocol.swift in Sources */,
				2A0FC3012685CAEB00183121 /* SwinjectStoryboard.swift in Sources */,
				2A0FC2FD2685C8DA00183121 /* Configurable.swift in Sources */,
				2A0FC2F92685C87E00183121 /* LocalizableString.swift in Sources */,
				2A0FC3082685CBA100183121 /* PhotoListError.swift in Sources */,
				02D619C32685AE8F00FBB5C8 /* AppDelegate.swift in Sources */,
				02D61A012685B9ED00FBB5C8 /* PhotoDto.swift in Sources */,
				02D619C52685AE8F00FBB5C8 /* SceneDelegate.swift in Sources */,
				2A0FC2FF2685C8FA00183121 /* UIViewContollerExtensions.swift in Sources */,
			);
			runOnlyForDeploymentPostprocessing = 0;
		};
		02D619D12685AE9100FBB5C8 /* Sources */ = {
			isa = PBXSourcesBuildPhase;
			buildActionMask = 2147483647;
			files = (
				02D619DA2685AE9100FBB5C8 /* VendPracticeTests.swift in Sources */,
			);
			runOnlyForDeploymentPostprocessing = 0;
		};
		02D619DC2685AE9200FBB5C8 /* Sources */ = {
			isa = PBXSourcesBuildPhase;
			buildActionMask = 2147483647;
			files = (
				02D619E52685AE9200FBB5C8 /* VendPracticeUITests.swift in Sources */,
			);
			runOnlyForDeploymentPostprocessing = 0;
		};
/* End PBXSourcesBuildPhase section */

/* Begin PBXTargetDependency section */
		02D619D72685AE9100FBB5C8 /* PBXTargetDependency */ = {
			isa = PBXTargetDependency;
			target = 02D619BE2685AE8F00FBB5C8 /* VendPractice */;
			targetProxy = 02D619D62685AE9100FBB5C8 /* PBXContainerItemProxy */;
		};
		02D619E22685AE9200FBB5C8 /* PBXTargetDependency */ = {
			isa = PBXTargetDependency;
			target = 02D619BE2685AE8F00FBB5C8 /* VendPractice */;
			targetProxy = 02D619E12685AE9200FBB5C8 /* PBXContainerItemProxy */;
		};
/* End PBXTargetDependency section */

/* Begin PBXVariantGroup section */
		02D619C82685AE8F00FBB5C8 /* Main.storyboard */ = {
			isa = PBXVariantGroup;
			children = (
				02D619C92685AE8F00FBB5C8 /* Base */,
			);
			name = Main.storyboard;
			sourceTree = "<group>";
		};
		02D619CD2685AE9100FBB5C8 /* LaunchScreen.storyboard */ = {
			isa = PBXVariantGroup;
			children = (
				02D619CE2685AE9100FBB5C8 /* Base */,
			);
			name = LaunchScreen.storyboard;
			sourceTree = "<group>";
		};
/* End PBXVariantGroup section */

/* Begin XCBuildConfiguration section */
		02D619E72685AE9200FBB5C8 /* Debug */ = {
			isa = XCBuildConfiguration;
			buildSettings = {
				ALWAYS_SEARCH_USER_PATHS = NO;
				CLANG_ANALYZER_NONNULL = YES;
				CLANG_ANALYZER_NUMBER_OBJECT_CONVERSION = YES_AGGRESSIVE;
				CLANG_CXX_LANGUAGE_STANDARD = "gnu++14";
				CLANG_CXX_LIBRARY = "libc++";
				CLANG_ENABLE_MODULES = YES;
				CLANG_ENABLE_OBJC_ARC = YES;
				CLANG_ENABLE_OBJC_WEAK = YES;
				CLANG_WARN_BLOCK_CAPTURE_AUTORELEASING = YES;
				CLANG_WARN_BOOL_CONVERSION = YES;
				CLANG_WARN_COMMA = YES;
				CLANG_WARN_CONSTANT_CONVERSION = YES;
				CLANG_WARN_DEPRECATED_OBJC_IMPLEMENTATIONS = YES;
				CLANG_WARN_DIRECT_OBJC_ISA_USAGE = YES_ERROR;
				CLANG_WARN_DOCUMENTATION_COMMENTS = YES;
				CLANG_WARN_EMPTY_BODY = YES;
				CLANG_WARN_ENUM_CONVERSION = YES;
				CLANG_WARN_INFINITE_RECURSION = YES;
				CLANG_WARN_INT_CONVERSION = YES;
				CLANG_WARN_NON_LITERAL_NULL_CONVERSION = YES;
				CLANG_WARN_OBJC_IMPLICIT_RETAIN_SELF = YES;
				CLANG_WARN_OBJC_LITERAL_CONVERSION = YES;
				CLANG_WARN_OBJC_ROOT_CLASS = YES_ERROR;
				CLANG_WARN_QUOTED_INCLUDE_IN_FRAMEWORK_HEADER = YES;
				CLANG_WARN_RANGE_LOOP_ANALYSIS = YES;
				CLANG_WARN_STRICT_PROTOTYPES = YES;
				CLANG_WARN_SUSPICIOUS_MOVE = YES;
				CLANG_WARN_UNGUARDED_AVAILABILITY = YES_AGGRESSIVE;
				CLANG_WARN_UNREACHABLE_CODE = YES;
				CLANG_WARN__DUPLICATE_METHOD_MATCH = YES;
				COPY_PHASE_STRIP = NO;
				DEBUG_INFORMATION_FORMAT = dwarf;
				ENABLE_STRICT_OBJC_MSGSEND = YES;
				ENABLE_TESTABILITY = YES;
				GCC_C_LANGUAGE_STANDARD = gnu11;
				GCC_DYNAMIC_NO_PIC = NO;
				GCC_NO_COMMON_BLOCKS = YES;
				GCC_OPTIMIZATION_LEVEL = 0;
				GCC_PREPROCESSOR_DEFINITIONS = (
					"DEBUG=1",
					"$(inherited)",
				);
				GCC_WARN_64_TO_32_BIT_CONVERSION = YES;
				GCC_WARN_ABOUT_RETURN_TYPE = YES_ERROR;
				GCC_WARN_UNDECLARED_SELECTOR = YES;
				GCC_WARN_UNINITIALIZED_AUTOS = YES_AGGRESSIVE;
				GCC_WARN_UNUSED_FUNCTION = YES;
				GCC_WARN_UNUSED_VARIABLE = YES;
				IPHONEOS_DEPLOYMENT_TARGET = 14.5;
				MTL_ENABLE_DEBUG_INFO = INCLUDE_SOURCE;
				MTL_FAST_MATH = YES;
				ONLY_ACTIVE_ARCH = YES;
				SDKROOT = iphoneos;
				SWIFT_ACTIVE_COMPILATION_CONDITIONS = DEBUG;
				SWIFT_OPTIMIZATION_LEVEL = "-Onone";
			};
			name = Debug;
		};
		02D619E82685AE9200FBB5C8 /* Release */ = {
			isa = XCBuildConfiguration;
			buildSettings = {
				ALWAYS_SEARCH_USER_PATHS = NO;
				CLANG_ANALYZER_NONNULL = YES;
				CLANG_ANALYZER_NUMBER_OBJECT_CONVERSION = YES_AGGRESSIVE;
				CLANG_CXX_LANGUAGE_STANDARD = "gnu++14";
				CLANG_CXX_LIBRARY = "libc++";
				CLANG_ENABLE_MODULES = YES;
				CLANG_ENABLE_OBJC_ARC = YES;
				CLANG_ENABLE_OBJC_WEAK = YES;
				CLANG_WARN_BLOCK_CAPTURE_AUTORELEASING = YES;
				CLANG_WARN_BOOL_CONVERSION = YES;
				CLANG_WARN_COMMA = YES;
				CLANG_WARN_CONSTANT_CONVERSION = YES;
				CLANG_WARN_DEPRECATED_OBJC_IMPLEMENTATIONS = YES;
				CLANG_WARN_DIRECT_OBJC_ISA_USAGE = YES_ERROR;
				CLANG_WARN_DOCUMENTATION_COMMENTS = YES;
				CLANG_WARN_EMPTY_BODY = YES;
				CLANG_WARN_ENUM_CONVERSION = YES;
				CLANG_WARN_INFINITE_RECURSION = YES;
				CLANG_WARN_INT_CONVERSION = YES;
				CLANG_WARN_NON_LITERAL_NULL_CONVERSION = YES;
				CLANG_WARN_OBJC_IMPLICIT_RETAIN_SELF = YES;
				CLANG_WARN_OBJC_LITERAL_CONVERSION = YES;
				CLANG_WARN_OBJC_ROOT_CLASS = YES_ERROR;
				CLANG_WARN_QUOTED_INCLUDE_IN_FRAMEWORK_HEADER = YES;
				CLANG_WARN_RANGE_LOOP_ANALYSIS = YES;
				CLANG_WARN_STRICT_PROTOTYPES = YES;
				CLANG_WARN_SUSPICIOUS_MOVE = YES;
				CLANG_WARN_UNGUARDED_AVAILABILITY = YES_AGGRESSIVE;
				CLANG_WARN_UNREACHABLE_CODE = YES;
				CLANG_WARN__DUPLICATE_METHOD_MATCH = YES;
				COPY_PHASE_STRIP = NO;
				DEBUG_INFORMATION_FORMAT = "dwarf-with-dsym";
				ENABLE_NS_ASSERTIONS = NO;
				ENABLE_STRICT_OBJC_MSGSEND = YES;
				GCC_C_LANGUAGE_STANDARD = gnu11;
				GCC_NO_COMMON_BLOCKS = YES;
				GCC_WARN_64_TO_32_BIT_CONVERSION = YES;
				GCC_WARN_ABOUT_RETURN_TYPE = YES_ERROR;
				GCC_WARN_UNDECLARED_SELECTOR = YES;
				GCC_WARN_UNINITIALIZED_AUTOS = YES_AGGRESSIVE;
				GCC_WARN_UNUSED_FUNCTION = YES;
				GCC_WARN_UNUSED_VARIABLE = YES;
				IPHONEOS_DEPLOYMENT_TARGET = 14.5;
				MTL_ENABLE_DEBUG_INFO = NO;
				MTL_FAST_MATH = YES;
				SDKROOT = iphoneos;
				SWIFT_COMPILATION_MODE = wholemodule;
				SWIFT_OPTIMIZATION_LEVEL = "-O";
				VALIDATE_PRODUCT = YES;
			};
			name = Release;
		};
		02D619EA2685AE9200FBB5C8 /* Debug */ = {
			isa = XCBuildConfiguration;
			baseConfigurationReference = 078BACD04C18B709A0BA5230 /* Pods-VendPractice.debug.xcconfig */;
			buildSettings = {
				ASSETCATALOG_COMPILER_APPICON_NAME = AppIcon;
				ASSETCATALOG_COMPILER_GLOBAL_ACCENT_COLOR_NAME = AccentColor;
				CODE_SIGN_STYLE = Automatic;
				DEVELOPMENT_TEAM = 3PHP3XA64F;
				INFOPLIST_FILE = "VendPractice/Supporting Files/Info.plist";
				LD_RUNPATH_SEARCH_PATHS = (
					"$(inherited)",
					"@executable_path/Frameworks",
				);
				PRODUCT_BUNDLE_IDENTIFIER = devwithlove.VendPractice;
				PRODUCT_NAME = "$(TARGET_NAME)";
				SWIFT_VERSION = 5.0;
				TARGETED_DEVICE_FAMILY = "1,2";
			};
			name = Debug;
		};
		02D619EB2685AE9200FBB5C8 /* Release */ = {
			isa = XCBuildConfiguration;
			baseConfigurationReference = F03366BBC0DCFBA477E0A6B6 /* Pods-VendPractice.release.xcconfig */;
			buildSettings = {
				ASSETCATALOG_COMPILER_APPICON_NAME = AppIcon;
				ASSETCATALOG_COMPILER_GLOBAL_ACCENT_COLOR_NAME = AccentColor;
				CODE_SIGN_STYLE = Automatic;
				DEVELOPMENT_TEAM = 3PHP3XA64F;
				INFOPLIST_FILE = "VendPractice/Supporting Files/Info.plist";
				LD_RUNPATH_SEARCH_PATHS = (
					"$(inherited)",
					"@executable_path/Frameworks",
				);
				PRODUCT_BUNDLE_IDENTIFIER = devwithlove.VendPractice;
				PRODUCT_NAME = "$(TARGET_NAME)";
				SWIFT_VERSION = 5.0;
				TARGETED_DEVICE_FAMILY = "1,2";
			};
			name = Release;
		};
		02D619ED2685AE9200FBB5C8 /* Debug */ = {
			isa = XCBuildConfiguration;
			baseConfigurationReference = 931DBDB26AC6D10667F0C28B /* Pods-VendPracticeTests.debug.xcconfig */;
			buildSettings = {
				ALWAYS_EMBED_SWIFT_STANDARD_LIBRARIES = YES;
				BUNDLE_LOADER = "$(TEST_HOST)";
				CODE_SIGN_STYLE = Automatic;
				DEVELOPMENT_TEAM = 3PHP3XA64F;
				INFOPLIST_FILE = VendPracticeTests/Info.plist;
				IPHONEOS_DEPLOYMENT_TARGET = 14.5;
				LD_RUNPATH_SEARCH_PATHS = (
					"$(inherited)",
					"@executable_path/Frameworks",
					"@loader_path/Frameworks",
				);
				PRODUCT_BUNDLE_IDENTIFIER = devwithlove.VendPracticeTests;
				PRODUCT_NAME = "$(TARGET_NAME)";
				SWIFT_VERSION = 5.0;
				TARGETED_DEVICE_FAMILY = "1,2";
				TEST_HOST = "$(BUILT_PRODUCTS_DIR)/VendPractice.app/VendPractice";
			};
			name = Debug;
		};
		02D619EE2685AE9200FBB5C8 /* Release */ = {
			isa = XCBuildConfiguration;
			baseConfigurationReference = EF9609D48E42591CD468390F /* Pods-VendPracticeTests.release.xcconfig */;
			buildSettings = {
				ALWAYS_EMBED_SWIFT_STANDARD_LIBRARIES = YES;
				BUNDLE_LOADER = "$(TEST_HOST)";
				CODE_SIGN_STYLE = Automatic;
				DEVELOPMENT_TEAM = 3PHP3XA64F;
				INFOPLIST_FILE = VendPracticeTests/Info.plist;
				IPHONEOS_DEPLOYMENT_TARGET = 14.5;
				LD_RUNPATH_SEARCH_PATHS = (
					"$(inherited)",
					"@executable_path/Frameworks",
					"@loader_path/Frameworks",
				);
				PRODUCT_BUNDLE_IDENTIFIER = devwithlove.VendPracticeTests;
				PRODUCT_NAME = "$(TARGET_NAME)";
				SWIFT_VERSION = 5.0;
				TARGETED_DEVICE_FAMILY = "1,2";
				TEST_HOST = "$(BUILT_PRODUCTS_DIR)/VendPractice.app/VendPractice";
			};
			name = Release;
		};
		02D619F02685AE9200FBB5C8 /* Debug */ = {
			isa = XCBuildConfiguration;
			baseConfigurationReference = B63B04D13D95BA83B51452A2 /* Pods-VendPractice-VendPracticeUITests.debug.xcconfig */;
			buildSettings = {
				ALWAYS_EMBED_SWIFT_STANDARD_LIBRARIES = YES;
				CODE_SIGN_STYLE = Automatic;
				DEVELOPMENT_TEAM = 3PHP3XA64F;
				INFOPLIST_FILE = VendPracticeUITests/Info.plist;
				LD_RUNPATH_SEARCH_PATHS = (
					"$(inherited)",
					"@executable_path/Frameworks",
					"@loader_path/Frameworks",
				);
				PRODUCT_BUNDLE_IDENTIFIER = devwithlove.VendPracticeUITests;
				PRODUCT_NAME = "$(TARGET_NAME)";
				SWIFT_VERSION = 5.0;
				TARGETED_DEVICE_FAMILY = "1,2";
				TEST_TARGET_NAME = VendPractice;
			};
			name = Debug;
		};
		02D619F12685AE9200FBB5C8 /* Release */ = {
			isa = XCBuildConfiguration;
			baseConfigurationReference = B43A1F6CD3C19C29D04958DF /* Pods-VendPractice-VendPracticeUITests.release.xcconfig */;
			buildSettings = {
				ALWAYS_EMBED_SWIFT_STANDARD_LIBRARIES = YES;
				CODE_SIGN_STYLE = Automatic;
				DEVELOPMENT_TEAM = 3PHP3XA64F;
				INFOPLIST_FILE = VendPracticeUITests/Info.plist;
				LD_RUNPATH_SEARCH_PATHS = (
					"$(inherited)",
					"@executable_path/Frameworks",
					"@loader_path/Frameworks",
				);
				PRODUCT_BUNDLE_IDENTIFIER = devwithlove.VendPracticeUITests;
				PRODUCT_NAME = "$(TARGET_NAME)";
				SWIFT_VERSION = 5.0;
				TARGETED_DEVICE_FAMILY = "1,2";
				TEST_TARGET_NAME = VendPractice;
			};
			name = Release;
		};
/* End XCBuildConfiguration section */

/* Begin XCConfigurationList section */
		02D619BA2685AE8F00FBB5C8 /* Build configuration list for PBXProject "VendPractice" */ = {
			isa = XCConfigurationList;
			buildConfigurations = (
				02D619E72685AE9200FBB5C8 /* Debug */,
				02D619E82685AE9200FBB5C8 /* Release */,
			);
			defaultConfigurationIsVisible = 0;
			defaultConfigurationName = Release;
		};
		02D619E92685AE9200FBB5C8 /* Build configuration list for PBXNativeTarget "VendPractice" */ = {
			isa = XCConfigurationList;
			buildConfigurations = (
				02D619EA2685AE9200FBB5C8 /* Debug */,
				02D619EB2685AE9200FBB5C8 /* Release */,
			);
			defaultConfigurationIsVisible = 0;
			defaultConfigurationName = Release;
		};
		02D619EC2685AE9200FBB5C8 /* Build configuration list for PBXNativeTarget "VendPracticeTests" */ = {
			isa = XCConfigurationList;
			buildConfigurations = (
				02D619ED2685AE9200FBB5C8 /* Debug */,
				02D619EE2685AE9200FBB5C8 /* Release */,
			);
			defaultConfigurationIsVisible = 0;
			defaultConfigurationName = Release;
		};
		02D619EF2685AE9200FBB5C8 /* Build configuration list for PBXNativeTarget "VendPracticeUITests" */ = {
			isa = XCConfigurationList;
			buildConfigurations = (
				02D619F02685AE9200FBB5C8 /* Debug */,
				02D619F12685AE9200FBB5C8 /* Release */,
			);
			defaultConfigurationIsVisible = 0;
			defaultConfigurationName = Release;
		};
/* End XCConfigurationList section */
	};
	rootObject = 02D619B72685AE8F00FBB5C8 /* Project object */;
}
